
Microsoft Visual Studio Solution File, Format Version 12.00
# Visual Studio Version 17
VisualStudioVersion = 17.5.33414.496
MinimumVisualStudioVersion = 10.0.40219.1
Project("{FAE04EC0-301F-11D3-BF4B-00C04F79EFBC}") = "thetechharvest", "thetechharvest\thetechharvest.csproj", "{350EBE83-2A06-4D00-8CE6-602F199F5E41}"
EndProject
Global
	GlobalSection(SolutionConfigurationPlatforms) = preSolution
		Debug|Any CPU = Debug|Any CPU
		Release|Any CPU = Release|Any CPU
	EndGlobalSection
	GlobalSection(ProjectConfigurationPlatforms) = postSolution
		{350EBE83-2A06-4D00-8CE6-602F199F5E41}.Debug|Any CPU.ActiveCfg = Debug|Any CPU
		{350EBE83-2A06-4D00-8CE6-602F199F5E41}.Debug|Any CPU.Build.0 = Debug|Any CPU
		{350EBE83-2A06-4D00-8CE6-602F199F5E41}.Release|Any CPU.ActiveCfg = Release|Any CPU
		{350EBE83-2A06-4D00-8CE6-602F199F5E41}.Release|Any CPU.Build.0 = Release|Any CPU
	EndGlobalSection
	GlobalSection(SolutionProperties) = preSolution
		HideSolutionNode = FALSE
	EndGlobalSection
	GlobalSection(ExtensibilityGlobals) = postSolution
		SolutionGuid = {3A276239-D342-475B-9E17-E63CCAB5787C}
	EndGlobalSection
EndGlobal
